
Microsoft Visual Studio Solution File, Format Version 12.00
# Visual Studio Version 17
VisualStudioVersion = 17.6.33815.320
MinimumVisualStudioVersion = 10.0.40219.1
Project("{FAE04EC0-301F-11D3-BF4B-00C04F79EFBC}") = "ObsoleteAttribute", "ObsoleteAttribute\ObsoleteAttribute.csproj", "{7BDDF741-B5DB-484C-8F21-265678CB48EE}"
EndProject
Global
	GlobalSection(SolutionConfigurationPlatforms) = preSolution
		Debug|Any CPU = Debug|Any CPU
		Release|Any CPU = Release|Any CPU
	EndGlobalSection
	GlobalSection(ProjectConfigurationPlatforms) = postSolution
		{7BDDF741-B5DB-484C-8F21-265678CB48EE}.Debug|Any CPU.ActiveCfg = Debug|Any CPU
		{7BDDF741-B5DB-484C-8F21-265678CB48EE}.Debug|Any CPU.Build.0 = Debug|Any CPU
		{7BDDF741-B5DB-484C-8F21-265678CB48EE}.Release|Any CPU.ActiveCfg = Release|Any CPU
		{7BDDF741-B5DB-484C-8F21-265678CB48EE}.Release|Any CPU.Build.0 = Release|Any CPU
	EndGlobalSection
	GlobalSection(SolutionProperties) = preSolution
		HideSolutionNode = FALSE
	EndGlobalSection
	GlobalSection(ExtensibilityGlobals) = postSolution
		SolutionGuid = {CC0BE6D9-14F7-4398-920C-50E11A408620}
	EndGlobalSection
EndGlobal
